
Microsoft Visual Studio Solution File, Format Version 12.00
# Visual Studio Version 17
VisualStudioVersion = 17.7.34221.43
MinimumVisualStudioVersion = 10.0.40219.1
Project("{FAE04EC0-301F-11D3-BF4B-00C04F79EFBC}") = "Homework5", "Homework5\Homework5.csproj", "{69660D5B-2FAA-496E-8709-32B7BCE309C3}"
EndProject
Global
	GlobalSection(SolutionConfigurationPlatforms) = preSolution
		Debug|Any CPU = Debug|Any CPU
		Release|Any CPU = Release|Any CPU
	EndGlobalSection
	GlobalSection(ProjectConfigurationPlatforms) = postSolution
		{69660D5B-2FAA-496E-8709-32B7BCE309C3}.Debug|Any CPU.ActiveCfg = Debug|Any CPU
		{69660D5B-2FAA-496E-8709-32B7BCE309C3}.Debug|Any CPU.Build.0 = Debug|Any CPU
		{69660D5B-2FAA-496E-8709-32B7BCE309C3}.Release|Any CPU.ActiveCfg = Release|Any CPU
		{69660D5B-2FAA-496E-8709-32B7BCE309C3}.Release|Any CPU.Build.0 = Release|Any CPU
	EndGlobalSection
	GlobalSection(SolutionProperties) = preSolution
		HideSolutionNode = FALSE
	EndGlobalSection
	GlobalSection(ExtensibilityGlobals) = postSolution
		SolutionGuid = {888BD05B-EBF0-4A3A-9F13-C7CD3DA63614}
	EndGlobalSection
EndGlobal
